
Microsoft Visual Studio Solution File, Format Version 12.00
# Visual Studio Version 17
VisualStudioVersion = 17.14.36623.8 d17.14
MinimumVisualStudioVersion = 10.0.40219.1
Project("{FAE04EC0-301F-11D3-BF4B-00C04F79EFBC}") = "KeyTime", "KeyTime\KeyTime.csproj", "{79681AC0-AD9A-4169-9661-357ACB86909C}"
EndProject
Global
	GlobalSection(SolutionConfigurationPlatforms) = preSolution
		Debug|Any CPU = Debug|Any CPU
		Release|Any CPU = Release|Any CPU
	EndGlobalSection
	GlobalSection(ProjectConfigurationPlatforms) = postSolution
		{79681AC0-AD9A-4169-9661-357ACB86909C}.Debug|Any CPU.ActiveCfg = Debug|Any CPU
		{79681AC0-AD9A-4169-9661-357ACB86909C}.Debug|Any CPU.Build.0 = Debug|Any CPU
		{79681AC0-AD9A-4169-9661-357ACB86909C}.Release|Any CPU.ActiveCfg = Release|Any CPU
		{79681AC0-AD9A-4169-9661-357ACB86909C}.Release|Any CPU.Build.0 = Release|Any CPU
	EndGlobalSection
	GlobalSection(SolutionProperties) = preSolution
		HideSolutionNode = FALSE
	EndGlobalSection
	GlobalSection(ExtensibilityGlobals) = postSolution
		SolutionGuid = {5BE4922E-551D-42BB-A83C-00D93E6835AC}
	EndGlobalSection
EndGlobal
